// !$*UTF8*$!
{
	archiveVersion = 1;
	classes = {
	};
	objectVersion = 50;
	objects = {

/* Begin PBXBuildFile section */
		98E65D6E1B11D16DE38D99B4 /* Pods_hydroLogA1.framework in Frameworks */ = {isa = PBXBuildFile; fileRef = 958AB6B05850DD795D4DD2B1 /* Pods_hydroLogA1.framework */; };
		BF69BE5C252EABDC003C04F7 /* AppDelegate.swift in Sources */ = {isa = PBXBuildFile; fileRef = BF69BE5B252EABDC003C04F7 /* AppDelegate.swift */; };
		BF69BE5E252EABDC003C04F7 /* SceneDelegate.swift in Sources */ = {isa = PBXBuildFile; fileRef = BF69BE5D252EABDC003C04F7 /* SceneDelegate.swift */; };
		BF69BE60252EABDC003C04F7 /* ViewController.swift in Sources */ = {isa = PBXBuildFile; fileRef = BF69BE5F252EABDC003C04F7 /* ViewController.swift */; };
		BF69BE63252EABDC003C04F7 /* Main.storyboard in Resources */ = {isa = PBXBuildFile; fileRef = BF69BE61252EABDC003C04F7 /* Main.storyboard */; };
		BF69BE65252EABE0003C04F7 /* Assets.xcassets in Resources */ = {isa = PBXBuildFile; fileRef = BF69BE64252EABE0003C04F7 /* Assets.xcassets */; };
		BF69BE68252EABE0003C04F7 /* LaunchScreen.storyboard in Resources */ = {isa = PBXBuildFile; fileRef = BF69BE66252EABE0003C04F7 /* LaunchScreen.storyboard */; };
		BF7B860F25311695000B8C01 /* Well.swift in Sources */ = {isa = PBXBuildFile; fileRef = BF7B860E25311695000B8C01 /* Well.swift */; };
		BF7B86172531190F000B8C01 /* SignUp_ViewController.swift in Sources */ = {isa = PBXBuildFile; fileRef = BF7B86162531190F000B8C01 /* SignUp_ViewController.swift */; };
		BF7B861E253210F9000B8C01 /* GoogleService-Info (1).plist in Resources */ = {isa = PBXBuildFile; fileRef = BF7B861D253210F9000B8C01 /* GoogleService-Info (1).plist */; };
/* End PBXBuildFile section */

/* Begin PBXFileReference section */
		958AB6B05850DD795D4DD2B1 /* Pods_hydroLogA1.framework */ = {isa = PBXFileReference; explicitFileType = wrapper.framework; includeInIndex = 0; path = Pods_hydroLogA1.framework; sourceTree = BUILT_PRODUCTS_DIR; };
		AD99B9215721D127DBA1E645 /* Pods-hydroLogA1.release.xcconfig */ = {isa = PBXFileReference; includeInIndex = 1; lastKnownFileType = text.xcconfig; name = "Pods-hydroLogA1.release.xcconfig"; path = "Target Support Files/Pods-hydroLogA1/Pods-hydroLogA1.release.xcconfig"; sourceTree = "<group>"; };
		BF69BE58252EABDC003C04F7 /* hydroLogA1.app */ = {isa = PBXFileReference; explicitFileType = wrapper.application; includeInIndex = 0; path = hydroLogA1.app; sourceTree = BUILT_PRODUCTS_DIR; };
		BF69BE5B252EABDC003C04F7 /* AppDelegate.swift */ = {isa = PBXFileReference; lastKnownFileType = sourcecode.swift; path = AppDelegate.swift; sourceTree = "<group>"; };
		BF69BE5D252EABDC003C04F7 /* SceneDelegate.swift */ = {isa = PBXFileReference; lastKnownFileType = sourcecode.swift; path = SceneDelegate.swift; sourceTree = "<group>"; };
		BF69BE5F252EABDC003C04F7 /* ViewController.swift */ = {isa = PBXFileReference; lastKnownFileType = sourcecode.swift; path = ViewController.swift; sourceTree = "<group>"; };
		BF69BE62252EABDC003C04F7 /* Base */ = {isa = PBXFileReference; lastKnownFileType = file.storyboard; name = Base; path = Base.lproj/Main.storyboard; sourceTree = "<group>"; };
		BF69BE64252EABE0003C04F7 /* Assets.xcassets */ = {isa = PBXFileReference; lastKnownFileType = folder.assetcatalog; path = Assets.xcassets; sourceTree = "<group>"; };
		BF69BE67252EABE0003C04F7 /* Base */ = {isa = PBXFileReference; lastKnownFileType = file.storyboard; name = Base; path = Base.lproj/LaunchScreen.storyboard; sourceTree = "<group>"; };
		BF69BE69252EABE0003C04F7 /* Info.plist */ = {isa = PBXFileReference; lastKnownFileType = text.plist.xml; path = Info.plist; sourceTree = "<group>"; };
		BF7B860E25311695000B8C01 /* Well.swift */ = {isa = PBXFileReference; lastKnownFileType = sourcecode.swift; path = Well.swift; sourceTree = "<group>"; };
		BF7B86162531190F000B8C01 /* SignUp_ViewController.swift */ = {isa = PBXFileReference; lastKnownFileType = sourcecode.swift; path = SignUp_ViewController.swift; sourceTree = "<group>"; };
		BF7B861D253210F9000B8C01 /* GoogleService-Info (1).plist */ = {isa = PBXFileReference; fileEncoding = 4; lastKnownFileType = text.plist.xml; path = "GoogleService-Info (1).plist"; sourceTree = "<group>"; };
		C5D04A12B28E671917DD30E1 /* Pods-hydroLogA1.debug.xcconfig */ = {isa = PBXFileReference; includeInIndex = 1; lastKnownFileType = text.xcconfig; name = "Pods-hydroLogA1.debug.xcconfig"; path = "Target Support Files/Pods-hydroLogA1/Pods-hydroLogA1.debug.xcconfig"; sourceTree = "<group>"; };
/* End PBXFileReference section */

/* Begin PBXFrameworksBuildPhase section */
		BF69BE55252EABDC003C04F7 /* Frameworks */ = {
			isa = PBXFrameworksBuildPhase;
			buildActionMask = 2147483647;
			files = (
				98E65D6E1B11D16DE38D99B4 /* Pods_hydroLogA1.framework in Frameworks */,
			);
			runOnlyForDeploymentPostprocessing = 0;
		};
/* End PBXFrameworksBuildPhase section */

/* Begin PBXGroup section */
		5D4D8BB589DB7706561907FB /* Frameworks */ = {
			isa = PBXGroup;
			children = (
				958AB6B05850DD795D4DD2B1 /* Pods_hydroLogA1.framework */,
			);
			name = Frameworks;
			sourceTree = "<group>";
		};
		BAF52B46CDEAA27A09E8A49E /* Pods */ = {
			isa = PBXGroup;
			children = (
				C5D04A12B28E671917DD30E1 /* Pods-hydroLogA1.debug.xcconfig */,
				AD99B9215721D127DBA1E645 /* Pods-hydroLogA1.release.xcconfig */,
			);
			name = Pods;
			path = Pods;
			sourceTree = "<group>";
		};
		BF69BE4F252EABDC003C04F7 = {
			isa = PBXGroup;
			children = (
				BF69BE5A252EABDC003C04F7 /* hydroLogA1 */,
				BF69BE59252EABDC003C04F7 /* Products */,
				BAF52B46CDEAA27A09E8A49E /* Pods */,
				5D4D8BB589DB7706561907FB /* Frameworks */,
			);
			sourceTree = "<group>";
		};
		BF69BE59252EABDC003C04F7 /* Products */ = {
			isa = PBXGroup;
			children = (
				BF69BE58252EABDC003C04F7 /* hydroLogA1.app */,
			);
			name = Products;
			sourceTree = "<group>";
		};
		BF69BE5A252EABDC003C04F7 /* hydroLogA1 */ = {
			isa = PBXGroup;
			children = (
				BF7B860C25311677000B8C01 /* MODEL */,
				BF7B860D25311680000B8C01 /* CONTROLLER */,
				BF69BE70252EAC25003C04F7 /* resources */,
				BF69BE5F252EABDC003C04F7 /* ViewController.swift */,
				BF7B861D253210F9000B8C01 /* GoogleService-Info (1).plist */,
			);
			path = hydroLogA1;
			sourceTree = "<group>";
		};
		BF69BE70252EAC25003C04F7 /* resources */ = {
			isa = PBXGroup;
			children = (
				BF69BE5B252EABDC003C04F7 /* AppDelegate.swift */,
				BF69BE5D252EABDC003C04F7 /* SceneDelegate.swift */,
				BF69BE64252EABE0003C04F7 /* Assets.xcassets */,
				BF69BE66252EABE0003C04F7 /* LaunchScreen.storyboard */,
				BF69BE69252EABE0003C04F7 /* Info.plist */,
			);
			path = resources;
			sourceTree = "<group>";
		};
		BF69BE72252EAC40003C04F7 /* VIEWS */ = {
			isa = PBXGroup;
			children = (
				BF69BE61252EABDC003C04F7 /* Main.storyboard */,
			);
			path = VIEWS;
			sourceTree = "<group>";
		};
		BF7B860C25311677000B8C01 /* MODEL */ = {
			isa = PBXGroup;
			children = (
				BF69BE72252EAC40003C04F7 /* VIEWS */,
				BF7B860E25311695000B8C01 /* Well.swift */,
			);
			path = MODEL;
			sourceTree = "<group>";
		};
		BF7B860D25311680000B8C01 /* CONTROLLER */ = {
			isa = PBXGroup;
			children = (
				BF7B8615253118E6000B8C01 /* View Controller */,
				BF7B8614253118D3000B8C01 /* Model Controller */,
			);
			path = CONTROLLER;
			sourceTree = "<group>";
		};
		BF7B86112531169A000B8C01 /* Well Controller */ = {
			isa = PBXGroup;
			children = (
			);
			path = "Well Controller";
			sourceTree = "<group>";
		};
		BF7B8614253118D3000B8C01 /* Model Controller */ = {
			isa = PBXGroup;
			children = (
				BF7B86112531169A000B8C01 /* Well Controller */,
			);
			path = "Model Controller";
			sourceTree = "<group>";
		};
		BF7B8615253118E6000B8C01 /* View Controller */ = {
			isa = PBXGroup;
			children = (
				BF7B86162531190F000B8C01 /* SignUp_ViewController.swift */,
			);
			path = "View Controller";
			sourceTree = "<group>";
		};
/* End PBXGroup section */

/* Begin PBXNativeTarget section */
		BF69BE57252EABDC003C04F7 /* hydroLogA1 */ = {
			isa = PBXNativeTarget;
			buildConfigurationList = BF69BE6C252EABE0003C04F7 /* Build configuration list for PBXNativeTarget "hydroLogA1" */;
			buildPhases = (
				6A5C2CD779C416CE5388587C /* [CP] Check Pods Manifest.lock */,
				BF69BE54252EABDC003C04F7 /* Sources */,
				BF69BE55252EABDC003C04F7 /* Frameworks */,
				BF69BE56252EABDC003C04F7 /* Resources */,
				C8C02A6D06DDF2F483B9A149 /* [CP] Embed Pods Frameworks */,
			);
			buildRules = (
			);
			dependencies = (
			);
			name = hydroLogA1;
			productName = hydroLogA1;
			productReference = BF69BE58252EABDC003C04F7 /* hydroLogA1.app */;
			productType = "com.apple.product-type.application";
		};
/* End PBXNativeTarget section */

/* Begin PBXProject section */
		BF69BE50252EABDC003C04F7 /* Project object */ = {
			isa = PBXProject;
			attributes = {
				LastSwiftUpdateCheck = 1200;
				LastUpgradeCheck = 1200;
				TargetAttributes = {
					BF69BE57252EABDC003C04F7 = {
						CreatedOnToolsVersion = 12.0.1;
					};
				};
			};
			buildConfigurationList = BF69BE53252EABDC003C04F7 /* Build configuration list for PBXProject "hydroLogA1" */;
			compatibilityVersion = "Xcode 9.3";
			developmentRegion = en;
			hasScannedForEncodings = 0;
			knownRegions = (
				en,
				Base,
			);
			mainGroup = BF69BE4F252EABDC003C04F7;
			productRefGroup = BF69BE59252EABDC003C04F7 /* Products */;
			projectDirPath = "";
			projectRoot = "";
			targets = (
				BF69BE57252EABDC003C04F7 /* hydroLogA1 */,
			);
		};
/* End PBXProject section */

/* Begin PBXResourcesBuildPhase section */
		BF69BE56252EABDC003C04F7 /* Resources */ = {
			isa = PBXResourcesBuildPhase;
			buildActionMask = 2147483647;
			files = (
				BF69BE68252EABE0003C04F7 /* LaunchScreen.storyboard in Resources */,
				BF69BE65252EABE0003C04F7 /* Assets.xcassets in Resources */,
				BF69BE63252EABDC003C04F7 /* Main.storyboard in Resources */,
				BF7B861E253210F9000B8C01 /* GoogleService-Info (1).plist in Resources */,
			);
			runOnlyForDeploymentPostprocessing = 0;
		};
/* End PBXResourcesBuildPhase section */

/* Begin PBXShellScriptBuildPhase section */
		6A5C2CD779C416CE5388587C /* [CP] Check Pods Manifest.lock */ = {
			isa = PBXShellScriptBuildPhase;
			buildActionMask = 2147483647;
			files = (
			);
			inputFileListPaths = (
			);
			inputPaths = (
				"${PODS_PODFILE_DIR_PATH}/Podfile.lock",
				"${PODS_ROOT}/Manifest.lock",
			);
			name = "[CP] Check Pods Manifest.lock";
			outputFileListPaths = (
			);
			outputPaths = (
				"$(DERIVED_FILE_DIR)/Pods-hydroLogA1-checkManifestLockResult.txt",
			);
			runOnlyForDeploymentPostprocessing = 0;
			shellPath = /bin/sh;
			shellScript = "diff \"${PODS_PODFILE_DIR_PATH}/Podfile.lock\" \"${PODS_ROOT}/Manifest.lock\" > /dev/null\nif [ $? != 0 ] ; then\n    # print error to STDERR\n    echo \"error: The sandbox is not in sync with the Podfile.lock. Run 'pod install' or update your CocoaPods installation.\" >&2\n    exit 1\nfi\n# This output is used by Xcode 'outputs' to avoid re-running this script phase.\necho \"SUCCESS\" > \"${SCRIPT_OUTPUT_FILE_0}\"\n";
			showEnvVarsInLog = 0;
		};
		C8C02A6D06DDF2F483B9A149 /* [CP] Embed Pods Frameworks */ = {
			isa = PBXShellScriptBuildPhase;
			buildActionMask = 2147483647;
			files = (
			);
			inputFileListPaths = (
				"${PODS_ROOT}/Target Support Files/Pods-hydroLogA1/Pods-hydroLogA1-frameworks-${CONFIGURATION}-input-files.xcfilelist",
			);
			name = "[CP] Embed Pods Frameworks";
			outputFileListPaths = (
				"${PODS_ROOT}/Target Support Files/Pods-hydroLogA1/Pods-hydroLogA1-frameworks-${CONFIGURATION}-output-files.xcfilelist",
			);
			runOnlyForDeploymentPostprocessing = 0;
			shellPath = /bin/sh;
			shellScript = "\"${PODS_ROOT}/Target Support Files/Pods-hydroLogA1/Pods-hydroLogA1-frameworks.sh\"\n";
			showEnvVarsInLog = 0;
		};
/* End PBXShellScriptBuildPhase section */

/* Begin PBXSourcesBuildPhase section */
		BF69BE54252EABDC003C04F7 /* Sources */ = {
			isa = PBXSourcesBuildPhase;
			buildActionMask = 2147483647;
			files = (
				BF69BE60252EABDC003C04F7 /* ViewController.swift in Sources */,
				BF7B860F25311695000B8C01 /* Well.swift in Sources */,
				BF69BE5C252EABDC003C04F7 /* AppDelegate.swift in Sources */,
				BF7B86172531190F000B8C01 /* SignUp_ViewController.swift in Sources */,
				BF69BE5E252EABDC003C04F7 /* SceneDelegate.swift in Sources */,
			);
			runOnlyForDeploymentPostprocessing = 0;
		};
/* End PBXSourcesBuildPhase section */

/* Begin PBXVariantGroup section */
		BF69BE61252EABDC003C04F7 /* Main.storyboard */ = {
			isa = PBXVariantGroup;
			children = (
				BF69BE62252EABDC003C04F7 /* Base */,
			);
			name = Main.storyboard;
			sourceTree = "<group>";
		};
		BF69BE66252EABE0003C04F7 /* LaunchScreen.storyboard */ = {
			isa = PBXVariantGroup;
			children = (
				BF69BE67252EABE0003C04F7 /* Base */,
			);
			name = LaunchScreen.storyboard;
			sourceTree = "<group>";
		};
/* End PBXVariantGroup section */

/* Begin XCBuildConfiguration section */
		BF69BE6A252EABE0003C04F7 /* Debug */ = {
			isa = XCBuildConfiguration;
			buildSettings = {
				ALWAYS_SEARCH_USER_PATHS = NO;
				CLANG_ANALYZER_NONNULL = YES;
				CLANG_ANALYZER_NUMBER_OBJECT_CONVERSION = YES_AGGRESSIVE;
				CLANG_CXX_LANGUAGE_STANDARD = "gnu++14";
				CLANG_CXX_LIBRARY = "libc++";
				CLANG_ENABLE_MODULES = YES;
				CLANG_ENABLE_OBJC_ARC = YES;
				CLANG_ENABLE_OBJC_WEAK = YES;
				CLANG_WARN_BLOCK_CAPTURE_AUTORELEASING = YES;
				CLANG_WARN_BOOL_CONVERSION = YES;
				CLANG_WARN_COMMA = YES;
				CLANG_WARN_CONSTANT_CONVERSION = YES;
				CLANG_WARN_DEPRECATED_OBJC_IMPLEMENTATIONS = YES;
				CLANG_WARN_DIRECT_OBJC_ISA_USAGE = YES_ERROR;
				CLANG_WARN_DOCUMENTATION_COMMENTS = YES;
				CLANG_WARN_EMPTY_BODY = YES;
				CLANG_WARN_ENUM_CONVERSION = YES;
				CLANG_WARN_INFINITE_RECURSION = YES;
				CLANG_WARN_INT_CONVERSION = YES;
				CLANG_WARN_NON_LITERAL_NULL_CONVERSION = YES;
				CLANG_WARN_OBJC_IMPLICIT_RETAIN_SELF = YES;
				CLANG_WARN_OBJC_LITERAL_CONVERSION = YES;
				CLANG_WARN_OBJC_ROOT_CLASS = YES_ERROR;
				CLANG_WARN_QUOTED_INCLUDE_IN_FRAMEWORK_HEADER = YES;
				CLANG_WARN_RANGE_LOOP_ANALYSIS = YES;
				CLANG_WARN_STRICT_PROTOTYPES = YES;
				CLANG_WARN_SUSPICIOUS_MOVE = YES;
				CLANG_WARN_UNGUARDED_AVAILABILITY = YES_AGGRESSIVE;
				CLANG_WARN_UNREACHABLE_CODE = YES;
				CLANG_WARN__DUPLICATE_METHOD_MATCH = YES;
				COPY_PHASE_STRIP = NO;
				DEBUG_INFORMATION_FORMAT = dwarf;
				ENABLE_STRICT_OBJC_MSGSEND = YES;
				ENABLE_TESTABILITY = YES;
				GCC_C_LANGUAGE_STANDARD = gnu11;
				GCC_DYNAMIC_NO_PIC = NO;
				GCC_NO_COMMON_BLOCKS = YES;
				GCC_OPTIMIZATION_LEVEL = 0;
				GCC_PREPROCESSOR_DEFINITIONS = (
					"DEBUG=1",
					"$(inherited)",
				);
				GCC_WARN_64_TO_32_BIT_CONVERSION = YES;
				GCC_WARN_ABOUT_RETURN_TYPE = YES_ERROR;
				GCC_WARN_UNDECLARED_SELECTOR = YES;
				GCC_WARN_UNINITIALIZED_AUTOS = YES_AGGRESSIVE;
				GCC_WARN_UNUSED_FUNCTION = YES;
				GCC_WARN_UNUSED_VARIABLE = YES;
				IPHONEOS_DEPLOYMENT_TARGET = 14.0;
				MTL_ENABLE_DEBUG_INFO = INCLUDE_SOURCE;
				MTL_FAST_MATH = YES;
				ONLY_ACTIVE_ARCH = YES;
				SDKROOT = iphoneos;
				SWIFT_ACTIVE_COMPILATION_CONDITIONS = DEBUG;
				SWIFT_OPTIMIZATION_LEVEL = "-Onone";
			};
			name = Debug;
		};
		BF69BE6B252EABE0003C04F7 /* Release */ = {
			isa = XCBuildConfiguration;
			buildSettings = {
				ALWAYS_SEARCH_USER_PATHS = NO;
				CLANG_ANALYZER_NONNULL = YES;
				CLANG_ANALYZER_NUMBER_OBJECT_CONVERSION = YES_AGGRESSIVE;
				CLANG_CXX_LANGUAGE_STANDARD = "gnu++14";
				CLANG_CXX_LIBRARY = "libc++";
				CLANG_ENABLE_MODULES = YES;
				CLANG_ENABLE_OBJC_ARC = YES;
				CLANG_ENABLE_OBJC_WEAK = YES;
				CLANG_WARN_BLOCK_CAPTURE_AUTORELEASING = YES;
				CLANG_WARN_BOOL_CONVERSION = YES;
				CLANG_WARN_COMMA = YES;
				CLANG_WARN_CONSTANT_CONVERSION = YES;
				CLANG_WARN_DEPRECATED_OBJC_IMPLEMENTATIONS = YES;
				CLANG_WARN_DIRECT_OBJC_ISA_USAGE = YES_ERROR;
				CLANG_WARN_DOCUMENTATION_COMMENTS = YES;
				CLANG_WARN_EMPTY_BODY = YES;
				CLANG_WARN_ENUM_CONVERSION = YES;
				CLANG_WARN_INFINITE_RECURSION = YES;
				CLANG_WARN_INT_CONVERSION = YES;
				CLANG_WARN_NON_LITERAL_NULL_CONVERSION = YES;
				CLANG_WARN_OBJC_IMPLICIT_RETAIN_SELF = YES;
				CLANG_WARN_OBJC_LITERAL_CONVERSION = YES;
				CLANG_WARN_OBJC_ROOT_CLASS = YES_ERROR;
				CLANG_WARN_QUOTED_INCLUDE_IN_FRAMEWORK_HEADER = YES;
				CLANG_WARN_RANGE_LOOP_ANALYSIS = YES;
				CLANG_WARN_STRICT_PROTOTYPES = YES;
				CLANG_WARN_SUSPICIOUS_MOVE = YES;
				CLANG_WARN_UNGUARDED_AVAILABILITY = YES_AGGRESSIVE;
				CLANG_WARN_UNREACHABLE_CODE = YES;
				CLANG_WARN__DUPLICATE_METHOD_MATCH = YES;
				COPY_PHASE_STRIP = NO;
				DEBUG_INFORMATION_FORMAT = "dwarf-with-dsym";
				ENABLE_NS_ASSERTIONS = NO;
				ENABLE_STRICT_OBJC_MSGSEND = YES;
				GCC_C_LANGUAGE_STANDARD = gnu11;
				GCC_NO_COMMON_BLOCKS = YES;
				GCC_WARN_64_TO_32_BIT_CONVERSION = YES;
				GCC_WARN_ABOUT_RETURN_TYPE = YES_ERROR;
				GCC_WARN_UNDECLARED_SELECTOR = YES;
				GCC_WARN_UNINITIALIZED_AUTOS = YES_AGGRESSIVE;
				GCC_WARN_UNUSED_FUNCTION = YES;
				GCC_WARN_UNUSED_VARIABLE = YES;
				IPHONEOS_DEPLOYMENT_TARGET = 14.0;
				MTL_ENABLE_DEBUG_INFO = NO;
				MTL_FAST_MATH = YES;
				SDKROOT = iphoneos;
				SWIFT_COMPILATION_MODE = wholemodule;
				SWIFT_OPTIMIZATION_LEVEL = "-O";
				VALIDATE_PRODUCT = YES;
			};
			name = Release;
		};
		BF69BE6D252EABE0003C04F7 /* Debug */ = {
			isa = XCBuildConfiguration;
			baseConfigurationReference = C5D04A12B28E671917DD30E1 /* Pods-hydroLogA1.debug.xcconfig */;
			buildSettings = {
				ASSETCATALOG_COMPILER_APPICON_NAME = AppIcon;
				ASSETCATALOG_COMPILER_GLOBAL_ACCENT_COLOR_NAME = AccentColor;
				CODE_SIGN_STYLE = Automatic;
				DEVELOPMENT_TEAM = 73V52F7L32;
				INFOPLIST_FILE = hydroLogA1/resources/Info.plist;
				LD_RUNPATH_SEARCH_PATHS = (
					"$(inherited)",
					"@executable_path/Frameworks",
				);
				PRODUCT_BUNDLE_IDENTIFIER = com.Brandau.hydroLogA1;
				PRODUCT_NAME = "$(TARGET_NAME)";
				SWIFT_VERSION = 5.0;
				TARGETED_DEVICE_FAMILY = "1,2";
			};
			name = Debug;
		};
		BF69BE6E252EABE0003C04F7 /* Release */ = {
			isa = XCBuildConfiguration;
			baseConfigurationReference = AD99B9215721D127DBA1E645 /* Pods-hydroLogA1.release.xcconfig */;
			buildSettings = {
				ASSETCATALOG_COMPILER_APPICON_NAME = AppIcon;
				ASSETCATALOG_COMPILER_GLOBAL_ACCENT_COLOR_NAME = AccentColor;
				CODE_SIGN_STYLE = Automatic;
				DEVELOPMENT_TEAM = 73V52F7L32;
				INFOPLIST_FILE = hydroLogA1/resources/Info.plist;
				LD_RUNPATH_SEARCH_PATHS = (
					"$(inherited)",
					"@executable_path/Frameworks",
				);
				PRODUCT_BUNDLE_IDENTIFIER = com.Brandau.hydroLogA1;
				PRODUCT_NAME = "$(TARGET_NAME)";
				SWIFT_VERSION = 5.0;
				TARGETED_DEVICE_FAMILY = "1,2";
			};
			name = Release;
		};
/* End XCBuildConfiguration section */

/* Begin XCConfigurationList section */
		BF69BE53252EABDC003C04F7 /* Build configuration list for PBXProject "hydroLogA1" */ = {
			isa = XCConfigurationList;
			buildConfigurations = (
				BF69BE6A252EABE0003C04F7 /* Debug */,
				BF69BE6B252EABE0003C04F7 /* Release */,
			);
			defaultConfigurationIsVisible = 0;
			defaultConfigurationName = Release;
		};
		BF69BE6C252EABE0003C04F7 /* Build configuration list for PBXNativeTarget "hydroLogA1" */ = {
			isa = XCConfigurationList;
			buildConfigurations = (
				BF69BE6D252EABE0003C04F7 /* Debug */,
				BF69BE6E252EABE0003C04F7 /* Release */,
			);
			defaultConfigurationIsVisible = 0;
			defaultConfigurationName = Release;
		};
/* End XCConfigurationList section */
	};
	rootObject = BF69BE50252EABDC003C04F7 /* Project object */;
}
